# This file was autogenerated by Stack.
# You should not edit this file by hand.
# For more information, please see the documentation at:
#   https://docs.haskellstack.org/en/stable/lock_files

packages:
- completed:
    hackage: ghci-dap-0.0.17.0@sha256:0815b23cc372b5600b3ba93090532b6d3d63d560ad0e87aba4ee512cffef14a8,3025
    pantry-tree:
      size: 2356
      sha256: 206826a06b5d73ab95ef0a3fa00a45ced06b53c2612c42b1eb8e1e1384697bf9
  original:
    hackage: ghci-dap-0.0.17.0
snapshots:
- completed:
    size: 590100
    url: https://raw.githubusercontent.com/commercialhaskell/stackage-snapshots/master/lts/18/28.yaml
    sha256: 428ec8d5ce932190d3cbe266b9eb3c175cd81e984babf876b64019e2cbe4ea68
  original: lts-18.28
