# This file was autogenerated by Stack.
# You should not edit this file by hand.
# For more information, please see the documentation at:
#   https://docs.haskellstack.org/en/stable/lock_files

packages:
- completed:
    hackage: hspec-2.7.6@sha256:f33f319acce1b8ca47941ecb79978489324443c1332e9fdc1257199706360890,1709
    pantry-tree:
      size: 583
      sha256: 3f82816dcd5cf21f7a88ab8a1f8056b97029ad65ae3a5d1debbe9d4c17b8f4c1
  original:
    hackage: hspec-2.7.6
snapshots:
- completed:
    size: 534126
    url: https://raw.githubusercontent.com/commercialhaskell/stackage-snapshots/master/lts/16/31.yaml
    sha256: 637fb77049b25560622a224845b7acfe81a09fdb6a96a3c75997a10b651667f6
  original: lts-16.31
